// !$*UTF8*$!
{
	archiveVersion = 1;
	classes = {
	};
	objectVersion = 60;
	objects = {

/* Begin PBXBuildFile section */
		A10000000000000000000001 /* Bar941App.swift in Sources */ = {isa = PBXBuildFile; fileRef = A20000000000000000000001 /* Bar941App.swift */; };
		A10000000000000000000002 /* AppError.swift in Sources */ = {isa = PBXBuildFile; fileRef = A20000000000000000000002 /* AppError.swift */; };
		A10000000000000000000003 /* EditorSettings.swift in Sources */ = {isa = PBXBuildFile; fileRef = A20000000000000000000003 /* EditorSettings.swift */; };
		A10000000000000000000004 /* ImageAsset.swift in Sources */ = {isa = PBXBuildFile; fileRef = A20000000000000000000004 /* ImageAsset.swift */; };
		A10000000000000000000005 /* RenderConfig.swift in Sources */ = {isa = PBXBuildFile; fileRef = A20000000000000000000005 /* RenderConfig.swift */; };
		A10000000000000000000006 /* RenderResult.swift in Sources */ = {isa = PBXBuildFile; fileRef = A20000000000000000000006 /* RenderResult.swift */; };
		A10000000000000000000007 /* ScreenType.swift in Sources */ = {isa = PBXBuildFile; fileRef = A20000000000000000000007 /* ScreenType.swift */; };
		A10000000000000000000008 /* StatusBarStyle.swift in Sources */ = {isa = PBXBuildFile; fileRef = A20000000000000000000008 /* StatusBarStyle.swift */; };
		A10000000000000000000009 /* UIImage+Processing.swift in Sources */ = {isa = PBXBuildFile; fileRef = A20000000000000000000009 /* UIImage+Processing.swift */; };
		A1000000000000000000000A /* ScreenshotAnalyzer.swift in Sources */ = {isa = PBXBuildFile; fileRef = A2000000000000000000000A /* ScreenshotAnalyzer.swift */; };
		A1000000000000000000000B /* ImageRendererService.swift in Sources */ = {isa = PBXBuildFile; fileRef = A2000000000000000000000B /* ImageRendererService.swift */; };
		A1000000000000000000000C /* PhotoSaveService.swift in Sources */ = {isa = PBXBuildFile; fileRef = A2000000000000000000000C /* PhotoSaveService.swift */; };
		A1000000000000000000000D /* EditorViewModel.swift in Sources */ = {isa = PBXBuildFile; fileRef = A2000000000000000000000D /* EditorViewModel.swift */; };
		A1000000000000000000000E /* HomeView.swift in Sources */ = {isa = PBXBuildFile; fileRef = A2000000000000000000000E /* HomeView.swift */; };
		A1000000000000000000000F /* EditorView.swift in Sources */ = {isa = PBXBuildFile; fileRef = A2000000000000000000000F /* EditorView.swift */; };
		A10000000000000000000010 /* ShareSheet.swift in Sources */ = {isa = PBXBuildFile; fileRef = A20000000000000000000010 /* ShareSheet.swift */; };
		A10000000000000000000011 /* Assets.xcassets in Resources */ = {isa = PBXBuildFile; fileRef = A20000000000000000000011 /* Assets.xcassets */; };
		A10000000000000000000012 /* Localizable.xcstrings in Resources */ = {isa = PBXBuildFile; fileRef = A20000000000000000000014 /* Localizable.xcstrings */; };
		A10000000000000000000013 /* InfoPlist.xcstrings in Resources */ = {isa = PBXBuildFile; fileRef = A20000000000000000000015 /* InfoPlist.xcstrings */; };
		A10000000000000000000016 /* SettingsView.swift in Sources */ = {isa = PBXBuildFile; fileRef = A20000000000000000000016 /* SettingsView.swift */; };
		A10000000000000000000017 /* AppLocalization.swift in Sources */ = {isa = PBXBuildFile; fileRef = A20000000000000000000017 /* AppLocalization.swift */; };
		A10000000000000000000018 /* AdMobConfiguration.swift in Sources */ = {isa = PBXBuildFile; fileRef = A20000000000000000000018 /* AdMobConfiguration.swift */; };
		A10000000000000000000019 /* AdsConsentManager.swift in Sources */ = {isa = PBXBuildFile; fileRef = A20000000000000000000019 /* AdsConsentManager.swift */; };
		A1000000000000000000001A /* AdBannerView.swift in Sources */ = {isa = PBXBuildFile; fileRef = A2000000000000000000001A /* AdBannerView.swift */; };
		A1000000000000000000001B /* ReviewPromptService.swift in Sources */ = {isa = PBXBuildFile; fileRef = A2000000000000000000001B /* ReviewPromptService.swift */; };
		F926410DBBEC955A44A6D687 /* libPods-Bar941.a in Frameworks */ = {isa = PBXBuildFile; fileRef = AD98C5E2BB1CCFE69FB77D16 /* libPods-Bar941.a */; };
/* End PBXBuildFile section */

/* Begin PBXFileReference section */
		20E7314A6B4FB1E3DF5DC87E /* Pods-Bar941.release.xcconfig */ = {isa = PBXFileReference; includeInIndex = 1; lastKnownFileType = text.xcconfig; name = "Pods-Bar941.release.xcconfig"; path = "Target Support Files/Pods-Bar941/Pods-Bar941.release.xcconfig"; sourceTree = "<group>"; };
		A20000000000000000000001 /* Bar941App.swift */ = {isa = PBXFileReference; lastKnownFileType = sourcecode.swift; path = Bar941App.swift; sourceTree = "<group>"; };
		A20000000000000000000002 /* AppError.swift */ = {isa = PBXFileReference; lastKnownFileType = sourcecode.swift; path = AppError.swift; sourceTree = "<group>"; };
		A20000000000000000000003 /* EditorSettings.swift */ = {isa = PBXFileReference; lastKnownFileType = sourcecode.swift; path = EditorSettings.swift; sourceTree = "<group>"; };
		A20000000000000000000004 /* ImageAsset.swift */ = {isa = PBXFileReference; lastKnownFileType = sourcecode.swift; path = ImageAsset.swift; sourceTree = "<group>"; };
		A20000000000000000000005 /* RenderConfig.swift */ = {isa = PBXFileReference; lastKnownFileType = sourcecode.swift; path = RenderConfig.swift; sourceTree = "<group>"; };
		A20000000000000000000006 /* RenderResult.swift */ = {isa = PBXFileReference; lastKnownFileType = sourcecode.swift; path = RenderResult.swift; sourceTree = "<group>"; };
		A20000000000000000000007 /* ScreenType.swift */ = {isa = PBXFileReference; lastKnownFileType = sourcecode.swift; path = ScreenType.swift; sourceTree = "<group>"; };
		A20000000000000000000008 /* StatusBarStyle.swift */ = {isa = PBXFileReference; lastKnownFileType = sourcecode.swift; path = StatusBarStyle.swift; sourceTree = "<group>"; };
		A20000000000000000000009 /* UIImage+Processing.swift */ = {isa = PBXFileReference; lastKnownFileType = sourcecode.swift; path = "UIImage+Processing.swift"; sourceTree = "<group>"; };
		A2000000000000000000000A /* ScreenshotAnalyzer.swift */ = {isa = PBXFileReference; lastKnownFileType = sourcecode.swift; path = ScreenshotAnalyzer.swift; sourceTree = "<group>"; };
		A2000000000000000000000B /* ImageRendererService.swift */ = {isa = PBXFileReference; lastKnownFileType = sourcecode.swift; path = ImageRendererService.swift; sourceTree = "<group>"; };
		A2000000000000000000000C /* PhotoSaveService.swift */ = {isa = PBXFileReference; lastKnownFileType = sourcecode.swift; path = PhotoSaveService.swift; sourceTree = "<group>"; };
		A2000000000000000000000D /* EditorViewModel.swift */ = {isa = PBXFileReference; lastKnownFileType = sourcecode.swift; path = EditorViewModel.swift; sourceTree = "<group>"; };
		A2000000000000000000000E /* HomeView.swift */ = {isa = PBXFileReference; lastKnownFileType = sourcecode.swift; path = HomeView.swift; sourceTree = "<group>"; };
		A2000000000000000000000F /* EditorView.swift */ = {isa = PBXFileReference; lastKnownFileType = sourcecode.swift; path = EditorView.swift; sourceTree = "<group>"; };
		A20000000000000000000010 /* ShareSheet.swift */ = {isa = PBXFileReference; lastKnownFileType = sourcecode.swift; path = ShareSheet.swift; sourceTree = "<group>"; };
		A20000000000000000000011 /* Assets.xcassets */ = {isa = PBXFileReference; lastKnownFileType = folder.assetcatalog; path = Assets.xcassets; sourceTree = "<group>"; };
		A20000000000000000000012 /* Info.plist */ = {isa = PBXFileReference; lastKnownFileType = text.plist.xml; path = Info.plist; sourceTree = "<group>"; };
		A20000000000000000000013 /* Bar941.app */ = {isa = PBXFileReference; explicitFileType = wrapper.application; includeInIndex = 0; path = Bar941.app; sourceTree = BUILT_PRODUCTS_DIR; };
		A20000000000000000000014 /* Localizable.xcstrings */ = {isa = PBXFileReference; lastKnownFileType = text.json.xcstrings; path = Localizable.xcstrings; sourceTree = "<group>"; };
		A20000000000000000000015 /* InfoPlist.xcstrings */ = {isa = PBXFileReference; lastKnownFileType = text.json.xcstrings; path = InfoPlist.xcstrings; sourceTree = "<group>"; };
		A20000000000000000000016 /* SettingsView.swift */ = {isa = PBXFileReference; lastKnownFileType = sourcecode.swift; path = SettingsView.swift; sourceTree = "<group>"; };
		A20000000000000000000017 /* AppLocalization.swift */ = {isa = PBXFileReference; lastKnownFileType = sourcecode.swift; path = AppLocalization.swift; sourceTree = "<group>"; };
		A20000000000000000000018 /* AdMobConfiguration.swift */ = {isa = PBXFileReference; lastKnownFileType = sourcecode.swift; path = AdMobConfiguration.swift; sourceTree = "<group>"; };
		A20000000000000000000019 /* AdsConsentManager.swift */ = {isa = PBXFileReference; lastKnownFileType = sourcecode.swift; path = AdsConsentManager.swift; sourceTree = "<group>"; };
		A2000000000000000000001A /* AdBannerView.swift */ = {isa = PBXFileReference; lastKnownFileType = sourcecode.swift; path = AdBannerView.swift; sourceTree = "<group>"; };
		A2000000000000000000001B /* ReviewPromptService.swift */ = {isa = PBXFileReference; lastKnownFileType = sourcecode.swift; path = ReviewPromptService.swift; sourceTree = "<group>"; };
		AD98C5E2BB1CCFE69FB77D16 /* libPods-Bar941.a */ = {isa = PBXFileReference; explicitFileType = archive.ar; includeInIndex = 0; path = "libPods-Bar941.a"; sourceTree = BUILT_PRODUCTS_DIR; };
		B746ABA2692CDF190AFC5C66 /* Pods-Bar941.debug.xcconfig */ = {isa = PBXFileReference; includeInIndex = 1; lastKnownFileType = text.xcconfig; name = "Pods-Bar941.debug.xcconfig"; path = "Target Support Files/Pods-Bar941/Pods-Bar941.debug.xcconfig"; sourceTree = "<group>"; };
/* End PBXFileReference section */

/* Begin PBXFrameworksBuildPhase section */
		A30000000000000000000001 /* Frameworks */ = {
			isa = PBXFrameworksBuildPhase;
			buildActionMask = 2147483647;
			files = (
				F926410DBBEC955A44A6D687 /* libPods-Bar941.a in Frameworks */,
			);
			runOnlyForDeploymentPostprocessing = 0;
		};
/* End PBXFrameworksBuildPhase section */

/* Begin PBXGroup section */
		1B93AD4969DA7F54CEE36653 /* Pods */ = {
			isa = PBXGroup;
			children = (
				B746ABA2692CDF190AFC5C66 /* Pods-Bar941.debug.xcconfig */,
				20E7314A6B4FB1E3DF5DC87E /* Pods-Bar941.release.xcconfig */,
			);
			path = Pods;
			sourceTree = "<group>";
		};
		1F425EF9C7A6A1FE1CCD5E12 /* Frameworks */ = {
			isa = PBXGroup;
			children = (
				AD98C5E2BB1CCFE69FB77D16 /* libPods-Bar941.a */,
			);
			name = Frameworks;
			sourceTree = "<group>";
		};
		A40000000000000000000001 = {
			isa = PBXGroup;
			children = (
				A40000000000000000000002 /* Bar941 */,
				A40000000000000000000003 /* Products */,
				1B93AD4969DA7F54CEE36653 /* Pods */,
				1F425EF9C7A6A1FE1CCD5E12 /* Frameworks */,
			);
			sourceTree = "<group>";
		};
		A40000000000000000000002 /* Bar941 */ = {
			isa = PBXGroup;
			children = (
				A20000000000000000000001 /* Bar941App.swift */,
				A20000000000000000000011 /* Assets.xcassets */,
				A20000000000000000000014 /* Localizable.xcstrings */,
				A20000000000000000000015 /* InfoPlist.xcstrings */,
				A40000000000000000000004 /* Models */,
				A40000000000000000000005 /* Services */,
				A40000000000000000000006 /* ViewModels */,
				A40000000000000000000007 /* Views */,
				A40000000000000000000008 /* Extensions */,
				A20000000000000000000012 /* Info.plist */,
			);
			path = Bar941;
			sourceTree = "<group>";
		};
		A40000000000000000000003 /* Products */ = {
			isa = PBXGroup;
			children = (
				A20000000000000000000013 /* Bar941.app */,
			);
			name = Products;
			sourceTree = "<group>";
		};
		A40000000000000000000004 /* Models */ = {
			isa = PBXGroup;
			children = (
				A20000000000000000000002 /* AppError.swift */,
				A20000000000000000000017 /* AppLocalization.swift */,
				A20000000000000000000018 /* AdMobConfiguration.swift */,
				A20000000000000000000003 /* EditorSettings.swift */,
				A20000000000000000000004 /* ImageAsset.swift */,
				A20000000000000000000005 /* RenderConfig.swift */,
				A20000000000000000000006 /* RenderResult.swift */,
				A20000000000000000000007 /* ScreenType.swift */,
				A20000000000000000000008 /* StatusBarStyle.swift */,
			);
			path = Models;
			sourceTree = "<group>";
		};
		A40000000000000000000005 /* Services */ = {
			isa = PBXGroup;
			children = (
				A20000000000000000000019 /* AdsConsentManager.swift */,
				A2000000000000000000000A /* ScreenshotAnalyzer.swift */,
				A2000000000000000000000B /* ImageRendererService.swift */,
				A2000000000000000000000C /* PhotoSaveService.swift */,
				A2000000000000000000001B /* ReviewPromptService.swift */,
			);
			path = Services;
			sourceTree = "<group>";
		};
		A40000000000000000000006 /* ViewModels */ = {
			isa = PBXGroup;
			children = (
				A2000000000000000000000D /* EditorViewModel.swift */,
			);
			path = ViewModels;
			sourceTree = "<group>";
		};
		A40000000000000000000007 /* Views */ = {
			isa = PBXGroup;
			children = (
				A2000000000000000000000E /* HomeView.swift */,
				A2000000000000000000000F /* EditorView.swift */,
				A20000000000000000000016 /* SettingsView.swift */,
				A40000000000000000000009 /* Components */,
			);
			path = Views;
			sourceTree = "<group>";
		};
		A40000000000000000000008 /* Extensions */ = {
			isa = PBXGroup;
			children = (
				A20000000000000000000009 /* UIImage+Processing.swift */,
			);
			path = Extensions;
			sourceTree = "<group>";
		};
		A40000000000000000000009 /* Components */ = {
			isa = PBXGroup;
			children = (
				A2000000000000000000001A /* AdBannerView.swift */,
				A20000000000000000000010 /* ShareSheet.swift */,
			);
			path = Components;
			sourceTree = "<group>";
		};
/* End PBXGroup section */

/* Begin PBXNativeTarget section */
		A50000000000000000000001 /* Bar941 */ = {
			isa = PBXNativeTarget;
			buildConfigurationList = A70000000000000000000002 /* Build configuration list for PBXNativeTarget "Bar941" */;
			buildPhases = (
				A9BDBFC3595C2A1F68371570 /* [CP] Check Pods Manifest.lock */,
				A30000000000000000000002 /* Sources */,
				A30000000000000000000001 /* Frameworks */,
				A30000000000000000000003 /* Resources */,
				092788F32BA63360F75F0F04 /* [CP] Copy Pods Resources */,
			);
			buildRules = (
			);
			dependencies = (
			);
			name = Bar941;
			productName = Bar941;
			productReference = A20000000000000000000013 /* Bar941.app */;
			productType = "com.apple.product-type.application";
		};
/* End PBXNativeTarget section */

/* Begin PBXProject section */
		A60000000000000000000001 /* Project object */ = {
			isa = PBXProject;
			attributes = {
				BuildIndependentTargetsInParallel = 1;
				LastSwiftUpdateCheck = 2600;
				LastUpgradeCheck = 2600;
				TargetAttributes = {
					A50000000000000000000001 = {
						CreatedOnToolsVersion = 26.0;
					};
				};
			};
			buildConfigurationList = A70000000000000000000001 /* Build configuration list for PBXProject "Bar941" */;
			compatibilityVersion = "Xcode 15.0";
			developmentRegion = ja;
			hasScannedForEncodings = 0;
			knownRegions = (
				de,
				"en-AU",
				"en-CA",
				"en-GB",
				"en-US",
				"es-ES",
				"es-MX",
				it,
				ja,
				ko,
				"pt-BR",
				"pt-PT",
				"zh-Hans",
				"zh-Hant",
				Base,
			);
			mainGroup = A40000000000000000000001;
			productRefGroup = A40000000000000000000003 /* Products */;
			projectDirPath = "";
			projectRoot = "";
			targets = (
				A50000000000000000000001 /* Bar941 */,
			);
		};
/* End PBXProject section */

/* Begin PBXResourcesBuildPhase section */
		A30000000000000000000003 /* Resources */ = {
			isa = PBXResourcesBuildPhase;
			buildActionMask = 2147483647;
			files = (
				A10000000000000000000011 /* Assets.xcassets in Resources */,
				A10000000000000000000012 /* Localizable.xcstrings in Resources */,
				A10000000000000000000013 /* InfoPlist.xcstrings in Resources */,
			);
			runOnlyForDeploymentPostprocessing = 0;
		};
/* End PBXResourcesBuildPhase section */

/* Begin PBXShellScriptBuildPhase section */
		092788F32BA63360F75F0F04 /* [CP] Copy Pods Resources */ = {
			isa = PBXShellScriptBuildPhase;
			buildActionMask = 2147483647;
			files = (
			);
			inputFileListPaths = (
				"${PODS_ROOT}/Target Support Files/Pods-Bar941/Pods-Bar941-resources-${CONFIGURATION}-input-files.xcfilelist",
			);
			name = "[CP] Copy Pods Resources";
			outputFileListPaths = (
				"${PODS_ROOT}/Target Support Files/Pods-Bar941/Pods-Bar941-resources-${CONFIGURATION}-output-files.xcfilelist",
			);
			runOnlyForDeploymentPostprocessing = 0;
			shellPath = /bin/sh;
			shellScript = "\"${PODS_ROOT}/Target Support Files/Pods-Bar941/Pods-Bar941-resources.sh\"\n";
			showEnvVarsInLog = 0;
		};
		A9BDBFC3595C2A1F68371570 /* [CP] Check Pods Manifest.lock */ = {
			isa = PBXShellScriptBuildPhase;
			buildActionMask = 2147483647;
			files = (
			);
			inputFileListPaths = (
			);
			inputPaths = (
				"${PODS_PODFILE_DIR_PATH}/Podfile.lock",
				"${PODS_ROOT}/Manifest.lock",
			);
			name = "[CP] Check Pods Manifest.lock";
			outputFileListPaths = (
			);
			outputPaths = (
				"$(DERIVED_FILE_DIR)/Pods-Bar941-checkManifestLockResult.txt",
			);
			runOnlyForDeploymentPostprocessing = 0;
			shellPath = /bin/sh;
			shellScript = "diff \"${PODS_PODFILE_DIR_PATH}/Podfile.lock\" \"${PODS_ROOT}/Manifest.lock\" > /dev/null\nif [ $? != 0 ] ; then\n    # print error to STDERR\n    echo \"error: The sandbox is not in sync with the Podfile.lock. Run 'pod install' or update your CocoaPods installation.\" >&2\n    exit 1\nfi\n# This output is used by Xcode 'outputs' to avoid re-running this script phase.\necho \"SUCCESS\" > \"${SCRIPT_OUTPUT_FILE_0}\"\n";
			showEnvVarsInLog = 0;
		};
/* End PBXShellScriptBuildPhase section */

/* Begin PBXSourcesBuildPhase section */
		A30000000000000000000002 /* Sources */ = {
			isa = PBXSourcesBuildPhase;
			buildActionMask = 2147483647;
			files = (
				A10000000000000000000002 /* AppError.swift in Sources */,
				A10000000000000000000017 /* AppLocalization.swift in Sources */,
				A10000000000000000000018 /* AdMobConfiguration.swift in Sources */,
				A10000000000000000000019 /* AdsConsentManager.swift in Sources */,
				A1000000000000000000001A /* AdBannerView.swift in Sources */,
				A10000000000000000000001 /* Bar941App.swift in Sources */,
				A10000000000000000000003 /* EditorSettings.swift in Sources */,
				A10000000000000000000004 /* ImageAsset.swift in Sources */,
				A10000000000000000000005 /* RenderConfig.swift in Sources */,
				A10000000000000000000006 /* RenderResult.swift in Sources */,
				A10000000000000000000007 /* ScreenType.swift in Sources */,
				A10000000000000000000008 /* StatusBarStyle.swift in Sources */,
				A10000000000000000000009 /* UIImage+Processing.swift in Sources */,
				A1000000000000000000000A /* ScreenshotAnalyzer.swift in Sources */,
				A1000000000000000000000B /* ImageRendererService.swift in Sources */,
				A1000000000000000000000C /* PhotoSaveService.swift in Sources */,
				A1000000000000000000001B /* ReviewPromptService.swift in Sources */,
				A1000000000000000000000D /* EditorViewModel.swift in Sources */,
				A1000000000000000000000E /* HomeView.swift in Sources */,
				A1000000000000000000000F /* EditorView.swift in Sources */,
				A10000000000000000000010 /* ShareSheet.swift in Sources */,
				A10000000000000000000016 /* SettingsView.swift in Sources */,
			);
			runOnlyForDeploymentPostprocessing = 0;
		};
/* End PBXSourcesBuildPhase section */

/* Begin XCBuildConfiguration section */
		A80000000000000000000001 /* Debug */ = {
			isa = XCBuildConfiguration;
			buildSettings = {
				ALWAYS_SEARCH_USER_PATHS = NO;
				CLANG_ENABLE_MODULES = YES;
				COPY_PHASE_STRIP = NO;
				DEBUG_INFORMATION_FORMAT = dwarf;
				ENABLE_STRICT_OBJC_MSGSEND = YES;
				GCC_C_LANGUAGE_STANDARD = gnu17;
				GCC_NO_COMMON_BLOCKS = YES;
				IPHONEOS_DEPLOYMENT_TARGET = 17.0;
				SDKROOT = iphoneos;
				SWIFT_VERSION = 5.0;
			};
			name = Debug;
		};
		A80000000000000000000002 /* Release */ = {
			isa = XCBuildConfiguration;
			buildSettings = {
				ALWAYS_SEARCH_USER_PATHS = NO;
				CLANG_ENABLE_MODULES = YES;
				COPY_PHASE_STRIP = NO;
				DEBUG_INFORMATION_FORMAT = "dwarf-with-dsym";
				ENABLE_NS_ASSERTIONS = NO;
				ENABLE_STRICT_OBJC_MSGSEND = YES;
				GCC_C_LANGUAGE_STANDARD = gnu17;
				GCC_NO_COMMON_BLOCKS = YES;
				IPHONEOS_DEPLOYMENT_TARGET = 17.0;
				SDKROOT = iphoneos;
				SWIFT_COMPILATION_MODE = wholemodule;
				SWIFT_VERSION = 5.0;
			};
			name = Release;
		};
		A80000000000000000000003 /* Debug */ = {
			isa = XCBuildConfiguration;
			baseConfigurationReference = B746ABA2692CDF190AFC5C66 /* Pods-Bar941.debug.xcconfig */;
			buildSettings = {
				ADMOB_APP_ID = "ca-app-pub-3940256099942544~1458002511";
				ADMOB_BANNER_AD_UNIT_ID = "ca-app-pub-3940256099942544/2435281174";
				ADMOB_REWARDED_INTERSTITIAL_AD_UNIT_ID = "ca-app-pub-3940256099942544/6978759866";
				ASSETCATALOG_COMPILER_APPICON_NAME = AppIcon;
				CODE_SIGN_STYLE = Automatic;
				CURRENT_PROJECT_VERSION = 1;
				DEVELOPMENT_TEAM = VL953U2L47;
				GENERATE_INFOPLIST_FILE = NO;
				INFOPLIST_FILE = Bar941/Info.plist;
				INFOPLIST_KEY_LSApplicationCategoryType = "public.app-category.developer-tools";
				INFOPLIST_KEY_UIApplicationSupportsIndirectInputEvents = YES;
				IPHONEOS_DEPLOYMENT_TARGET = 17.0;
				LD_RUNPATH_SEARCH_PATHS = (
					"$(inherited)",
					"@executable_path/Frameworks",
				);
				MARKETING_VERSION = 1.1;
				PRODUCT_BUNDLE_IDENTIFIER = com.kawabaron.app.Bar941;
				PRODUCT_NAME = "$(TARGET_NAME)";
				SDKROOT = iphoneos;
				SUPPORTED_PLATFORMS = "iphoneos iphonesimulator";
				SWIFT_EMIT_LOC_STRINGS = YES;
				SWIFT_VERSION = 5.0;
				TARGETED_DEVICE_FAMILY = 1;
			};
			name = Debug;
		};
		A80000000000000000000004 /* Release */ = {
			isa = XCBuildConfiguration;
			baseConfigurationReference = 20E7314A6B4FB1E3DF5DC87E /* Pods-Bar941.release.xcconfig */;
			buildSettings = {
				ADMOB_APP_ID = "ca-app-pub-1542204891469444~1276350429";
				ADMOB_BANNER_AD_UNIT_ID = "ca-app-pub-1542204891469444/7468843396";
				ADMOB_REWARDED_INTERSTITIAL_AD_UNIT_ID = "ca-app-pub-1542204891469444/1450229952";
				ASSETCATALOG_COMPILER_APPICON_NAME = AppIcon;
				CODE_SIGN_STYLE = Automatic;
				CURRENT_PROJECT_VERSION = 1;
				DEVELOPMENT_TEAM = VL953U2L47;
				GENERATE_INFOPLIST_FILE = NO;
				INFOPLIST_FILE = Bar941/Info.plist;
				INFOPLIST_KEY_LSApplicationCategoryType = "public.app-category.developer-tools";
				INFOPLIST_KEY_UIApplicationSupportsIndirectInputEvents = YES;
				IPHONEOS_DEPLOYMENT_TARGET = 17.0;
				LD_RUNPATH_SEARCH_PATHS = (
					"$(inherited)",
					"@executable_path/Frameworks",
				);
				MARKETING_VERSION = 1.1;
				PRODUCT_BUNDLE_IDENTIFIER = com.kawabaron.app.Bar941;
				PRODUCT_NAME = "$(TARGET_NAME)";
				SDKROOT = iphoneos;
				SUPPORTED_PLATFORMS = "iphoneos iphonesimulator";
				SWIFT_COMPILATION_MODE = wholemodule;
				SWIFT_EMIT_LOC_STRINGS = YES;
				SWIFT_VERSION = 5.0;
				TARGETED_DEVICE_FAMILY = 1;
			};
			name = Release;
		};
/* End XCBuildConfiguration section */

/* Begin XCConfigurationList section */
		A70000000000000000000001 /* Build configuration list for PBXProject "Bar941" */ = {
			isa = XCConfigurationList;
			buildConfigurations = (
				A80000000000000000000001 /* Debug */,
				A80000000000000000000002 /* Release */,
			);
			defaultConfigurationIsVisible = 0;
			defaultConfigurationName = Release;
		};
		A70000000000000000000002 /* Build configuration list for PBXNativeTarget "Bar941" */ = {
			isa = XCConfigurationList;
			buildConfigurations = (
				A80000000000000000000003 /* Debug */,
				A80000000000000000000004 /* Release */,
			);
			defaultConfigurationIsVisible = 0;
			defaultConfigurationName = Release;
		};
/* End XCConfigurationList section */
	};
	rootObject = A60000000000000000000001 /* Project object */;
}
